// !$*UTF8*$!
{
	archiveVersion = 1;
	classes = {
	};
	objectVersion = 50;
	objects = {

/* Begin PBXBuildFile section */
		9021807D230261BA000A8776 /* AppDelegate.swift in Sources */ = {isa = PBXBuildFile; fileRef = 9021807C230261BA000A8776 /* AppDelegate.swift */; };
		90218081230261BA000A8776 /* ViewController.swift in Sources */ = {isa = PBXBuildFile; fileRef = 90218080230261BA000A8776 /* ViewController.swift */; };
		90218084230261BA000A8776 /* Main.storyboard in Resources */ = {isa = PBXBuildFile; fileRef = 90218082230261BA000A8776 /* Main.storyboard */; };
		90218086230261BC000A8776 /* Assets.xcassets in Resources */ = {isa = PBXBuildFile; fileRef = 90218085230261BC000A8776 /* Assets.xcassets */; };
		90218089230261BC000A8776 /* LaunchScreen.storyboard in Resources */ = {isa = PBXBuildFile; fileRef = 90218087230261BC000A8776 /* LaunchScreen.storyboard */; };
		902180A123027382000A8776 /* Scene.swift in Sources */ = {isa = PBXBuildFile; fileRef = 902180A023027382000A8776 /* Scene.swift */; };
		902180A323027399000A8776 /* Scene.sks in Resources */ = {isa = PBXBuildFile; fileRef = 902180A223027399000A8776 /* Scene.sks */; };
		902180A523032F2F000A8776 /* GameScene.sks in Resources */ = {isa = PBXBuildFile; fileRef = 902180A423032F2F000A8776 /* GameScene.sks */; };
		902180A723032F47000A8776 /* GameScene.swift in Sources */ = {isa = PBXBuildFile; fileRef = 902180A623032F47000A8776 /* GameScene.swift */; };
		902180A92304F56D000A8776 /* ghost.wav in Resources */ = {isa = PBXBuildFile; fileRef = 902180A82304F56D000A8776 /* ghost.wav */; };
		902180AB2304FFB9000A8776 /* Sounds in Resources */ = {isa = PBXBuildFile; fileRef = 902180AA2304FFB9000A8776 /* Sounds */; };
		902180AD230618A0000A8776 /* Level2.sks in Resources */ = {isa = PBXBuildFile; fileRef = 902180AC230618A0000A8776 /* Level2.sks */; };
		902180AF230618B2000A8776 /* Level2.swift in Sources */ = {isa = PBXBuildFile; fileRef = 902180AE230618B2000A8776 /* Level2.swift */; };
		902180B32306319E000A8776 /* ChangeLevel.sks in Resources */ = {isa = PBXBuildFile; fileRef = 902180B22306319E000A8776 /* ChangeLevel.sks */; };
		902180B5230631B2000A8776 /* ChangeLevel.swift in Sources */ = {isa = PBXBuildFile; fileRef = 902180B4230631B2000A8776 /* ChangeLevel.swift */; };
		902180B72306F8FF000A8776 /* Level2Story.sks in Resources */ = {isa = PBXBuildFile; fileRef = 902180B62306F8FF000A8776 /* Level2Story.sks */; };
		902180BB2306F9A5000A8776 /* Level2Story.swift in Sources */ = {isa = PBXBuildFile; fileRef = 902180BA2306F9A5000A8776 /* Level2Story.swift */; };
		902180BD23070576000A8776 /* MainStoryLine.sks in Resources */ = {isa = PBXBuildFile; fileRef = 902180BC23070576000A8776 /* MainStoryLine.sks */; };
		902180BF23070596000A8776 /* MainStoryLine.swift in Sources */ = {isa = PBXBuildFile; fileRef = 902180BE23070596000A8776 /* MainStoryLine.swift */; };
		902180C1230713D3000A8776 /* Level3.sks in Resources */ = {isa = PBXBuildFile; fileRef = 902180C0230713D3000A8776 /* Level3.sks */; };
		902180C3230713E5000A8776 /* Level3.swift in Sources */ = {isa = PBXBuildFile; fileRef = 902180C2230713E5000A8776 /* Level3.swift */; };
		902180C52307140B000A8776 /* Level3Story.sks in Resources */ = {isa = PBXBuildFile; fileRef = 902180C42307140B000A8776 /* Level3Story.sks */; };
		902180C723071425000A8776 /* Level3Story.swift in Sources */ = {isa = PBXBuildFile; fileRef = 902180C623071425000A8776 /* Level3Story.swift */; };
		902180C9230714A1000A8776 /* ChangeToLevel3.sks in Resources */ = {isa = PBXBuildFile; fileRef = 902180C8230714A1000A8776 /* ChangeToLevel3.sks */; };
		902180CB230714B4000A8776 /* ChangeToLevel3.swift in Sources */ = {isa = PBXBuildFile; fileRef = 902180CA230714B4000A8776 /* ChangeToLevel3.swift */; };
		902180CD23071C1D000A8776 /* Portal.sks in Resources */ = {isa = PBXBuildFile; fileRef = 902180CC23071C1D000A8776 /* Portal.sks */; };
		902180CF23071C45000A8776 /* Portal.swift in Sources */ = {isa = PBXBuildFile; fileRef = 902180CE23071C45000A8776 /* Portal.swift */; };
/* End PBXBuildFile section */

/* Begin PBXFileReference section */
		90218079230261BA000A8776 /* ARZombieTest.app */ = {isa = PBXFileReference; explicitFileType = wrapper.application; includeInIndex = 0; path = ARZombieTest.app; sourceTree = BUILT_PRODUCTS_DIR; };
		9021807C230261BA000A8776 /* AppDelegate.swift */ = {isa = PBXFileReference; lastKnownFileType = sourcecode.swift; path = AppDelegate.swift; sourceTree = "<group>"; };
		90218080230261BA000A8776 /* ViewController.swift */ = {isa = PBXFileReference; lastKnownFileType = sourcecode.swift; path = ViewController.swift; sourceTree = "<group>"; };
		90218083230261BA000A8776 /* Base */ = {isa = PBXFileReference; lastKnownFileType = file.storyboard; name = Base; path = Base.lproj/Main.storyboard; sourceTree = "<group>"; };
		90218085230261BC000A8776 /* Assets.xcassets */ = {isa = PBXFileReference; lastKnownFileType = folder.assetcatalog; path = Assets.xcassets; sourceTree = "<group>"; };
		90218088230261BC000A8776 /* Base */ = {isa = PBXFileReference; lastKnownFileType = file.storyboard; name = Base; path = Base.lproj/LaunchScreen.storyboard; sourceTree = "<group>"; };
		9021808A230261BC000A8776 /* Info.plist */ = {isa = PBXFileReference; lastKnownFileType = text.plist.xml; path = Info.plist; sourceTree = "<group>"; };
		902180A023027382000A8776 /* Scene.swift */ = {isa = PBXFileReference; lastKnownFileType = sourcecode.swift; path = Scene.swift; sourceTree = "<group>"; };
		902180A223027399000A8776 /* Scene.sks */ = {isa = PBXFileReference; lastKnownFileType = file.sks; path = Scene.sks; sourceTree = "<group>"; };
		902180A423032F2F000A8776 /* GameScene.sks */ = {isa = PBXFileReference; lastKnownFileType = file.sks; path = GameScene.sks; sourceTree = "<group>"; };
		902180A623032F47000A8776 /* GameScene.swift */ = {isa = PBXFileReference; lastKnownFileType = sourcecode.swift; path = GameScene.swift; sourceTree = "<group>"; };
		902180A82304F56D000A8776 /* ghost.wav */ = {isa = PBXFileReference; lastKnownFileType = audio.wav; path = ghost.wav; sourceTree = "<group>"; };
		902180AA2304FFB9000A8776 /* Sounds */ = {isa = PBXFileReference; lastKnownFileType = folder; path = Sounds; sourceTree = "<group>"; };
		902180AC230618A0000A8776 /* Level2.sks */ = {isa = PBXFileReference; lastKnownFileType = file.sks; path = Level2.sks; sourceTree = "<group>"; };
		902180AE230618B2000A8776 /* Level2.swift */ = {isa = PBXFileReference; lastKnownFileType = sourcecode.swift; path = Level2.swift; sourceTree = "<group>"; };
		902180B22306319E000A8776 /* ChangeLevel.sks */ = {isa = PBXFileReference; lastKnownFileType = file.sks; path = ChangeLevel.sks; sourceTree = "<group>"; };
		902180B4230631B2000A8776 /* ChangeLevel.swift */ = {isa = PBXFileReference; lastKnownFileType = sourcecode.swift; path = ChangeLevel.swift; sourceTree = "<group>"; };
		902180B62306F8FF000A8776 /* Level2Story.sks */ = {isa = PBXFileReference; lastKnownFileType = file.sks; path = Level2Story.sks; sourceTree = "<group>"; };
		902180BA2306F9A5000A8776 /* Level2Story.swift */ = {isa = PBXFileReference; lastKnownFileType = sourcecode.swift; path = Level2Story.swift; sourceTree = "<group>"; };
		902180BC23070576000A8776 /* MainStoryLine.sks */ = {isa = PBXFileReference; lastKnownFileType = file.sks; path = MainStoryLine.sks; sourceTree = "<group>"; };
		902180BE23070596000A8776 /* MainStoryLine.swift */ = {isa = PBXFileReference; lastKnownFileType = sourcecode.swift; path = MainStoryLine.swift; sourceTree = "<group>"; };
		902180C0230713D3000A8776 /* Level3.sks */ = {isa = PBXFileReference; lastKnownFileType = file.sks; path = Level3.sks; sourceTree = "<group>"; };
		902180C2230713E5000A8776 /* Level3.swift */ = {isa = PBXFileReference; lastKnownFileType = sourcecode.swift; path = Level3.swift; sourceTree = "<group>"; };
		902180C42307140B000A8776 /* Level3Story.sks */ = {isa = PBXFileReference; lastKnownFileType = file.sks; path = Level3Story.sks; sourceTree = "<group>"; };
		902180C623071425000A8776 /* Level3Story.swift */ = {isa = PBXFileReference; lastKnownFileType = sourcecode.swift; path = Level3Story.swift; sourceTree = "<group>"; };
		902180C8230714A1000A8776 /* ChangeToLevel3.sks */ = {isa = PBXFileReference; lastKnownFileType = file.sks; path = ChangeToLevel3.sks; sourceTree = "<group>"; };
		902180CA230714B4000A8776 /* ChangeToLevel3.swift */ = {isa = PBXFileReference; lastKnownFileType = sourcecode.swift; path = ChangeToLevel3.swift; sourceTree = "<group>"; };
		902180CC23071C1D000A8776 /* Portal.sks */ = {isa = PBXFileReference; lastKnownFileType = file.sks; path = Portal.sks; sourceTree = "<group>"; };
		902180CE23071C45000A8776 /* Portal.swift */ = {isa = PBXFileReference; lastKnownFileType = sourcecode.swift; path = Portal.swift; sourceTree = "<group>"; };
/* End PBXFileReference section */

/* Begin PBXFrameworksBuildPhase section */
		90218076230261BA000A8776 /* Frameworks */ = {
			isa = PBXFrameworksBuildPhase;
			buildActionMask = 2147483647;
			files = (
			);
			runOnlyForDeploymentPostprocessing = 0;
		};
/* End PBXFrameworksBuildPhase section */

/* Begin PBXGroup section */
		90218070230261BA000A8776 = {
			isa = PBXGroup;
			children = (
				9021807B230261BA000A8776 /* ARZombieTest */,
				9021807A230261BA000A8776 /* Products */,
			);
			sourceTree = "<group>";
		};
		9021807A230261BA000A8776 /* Products */ = {
			isa = PBXGroup;
			children = (
				90218079230261BA000A8776 /* ARZombieTest.app */,
			);
			name = Products;
			sourceTree = "<group>";
		};
		9021807B230261BA000A8776 /* ARZombieTest */ = {
			isa = PBXGroup;
			children = (
				902180A82304F56D000A8776 /* ghost.wav */,
				9021807C230261BA000A8776 /* AppDelegate.swift */,
				902180A223027399000A8776 /* Scene.sks */,
				902180BC23070576000A8776 /* MainStoryLine.sks */,
				902180A423032F2F000A8776 /* GameScene.sks */,
				902180B22306319E000A8776 /* ChangeLevel.sks */,
				902180B62306F8FF000A8776 /* Level2Story.sks */,
				902180AC230618A0000A8776 /* Level2.sks */,
				902180C42307140B000A8776 /* Level3Story.sks */,
				902180C8230714A1000A8776 /* ChangeToLevel3.sks */,
				902180C0230713D3000A8776 /* Level3.sks */,
				902180CC23071C1D000A8776 /* Portal.sks */,
				90218080230261BA000A8776 /* ViewController.swift */,
				90218082230261BA000A8776 /* Main.storyboard */,
				90218085230261BC000A8776 /* Assets.xcassets */,
				902180AA2304FFB9000A8776 /* Sounds */,
				90218087230261BC000A8776 /* LaunchScreen.storyboard */,
				9021808A230261BC000A8776 /* Info.plist */,
				902180A023027382000A8776 /* Scene.swift */,
				902180BE23070596000A8776 /* MainStoryLine.swift */,
				902180A623032F47000A8776 /* GameScene.swift */,
				902180B4230631B2000A8776 /* ChangeLevel.swift */,
				902180BA2306F9A5000A8776 /* Level2Story.swift */,
				902180AE230618B2000A8776 /* Level2.swift */,
				902180CA230714B4000A8776 /* ChangeToLevel3.swift */,
				902180C623071425000A8776 /* Level3Story.swift */,
				902180C2230713E5000A8776 /* Level3.swift */,
				902180CE23071C45000A8776 /* Portal.swift */,
			);
			path = ARZombieTest;
			sourceTree = "<group>";
		};
/* End PBXGroup section */

/* Begin PBXNativeTarget section */
		90218078230261BA000A8776 /* ARZombieTest */ = {
			isa = PBXNativeTarget;
			buildConfigurationList = 9021808D230261BC000A8776 /* Build configuration list for PBXNativeTarget "ARZombieTest" */;
			buildPhases = (
				90218075230261BA000A8776 /* Sources */,
				90218076230261BA000A8776 /* Frameworks */,
				90218077230261BA000A8776 /* Resources */,
			);
			buildRules = (
			);
			dependencies = (
			);
			name = ARZombieTest;
			productName = ARZombieTest;
			productReference = 90218079230261BA000A8776 /* ARZombieTest.app */;
			productType = "com.apple.product-type.application";
		};
/* End PBXNativeTarget section */

/* Begin PBXProject section */
		90218071230261BA000A8776 /* Project object */ = {
			isa = PBXProject;
			attributes = {
				LastSwiftUpdateCheck = 1030;
				LastUpgradeCheck = 1030;
				ORGANIZATIONNAME = "Dhyanee Bhatt";
				TargetAttributes = {
					90218078230261BA000A8776 = {
						CreatedOnToolsVersion = 10.3;
					};
				};
			};
			buildConfigurationList = 90218074230261BA000A8776 /* Build configuration list for PBXProject "ARZombieTest" */;
			compatibilityVersion = "Xcode 9.3";
			developmentRegion = en;
			hasScannedForEncodings = 0;
			knownRegions = (
				en,
				Base,
			);
			mainGroup = 90218070230261BA000A8776;
			productRefGroup = 9021807A230261BA000A8776 /* Products */;
			projectDirPath = "";
			projectRoot = "";
			targets = (
				90218078230261BA000A8776 /* ARZombieTest */,
			);
		};
/* End PBXProject section */

/* Begin PBXResourcesBuildPhase section */
		90218077230261BA000A8776 /* Resources */ = {
			isa = PBXResourcesBuildPhase;
			buildActionMask = 2147483647;
			files = (
				902180C1230713D3000A8776 /* Level3.sks in Resources */,
				902180C9230714A1000A8776 /* ChangeToLevel3.sks in Resources */,
				90218089230261BC000A8776 /* LaunchScreen.storyboard in Resources */,
				902180A523032F2F000A8776 /* GameScene.sks in Resources */,
				90218086230261BC000A8776 /* Assets.xcassets in Resources */,
				902180AD230618A0000A8776 /* Level2.sks in Resources */,
				902180A323027399000A8776 /* Scene.sks in Resources */,
				902180C52307140B000A8776 /* Level3Story.sks in Resources */,
				902180B72306F8FF000A8776 /* Level2Story.sks in Resources */,
				902180BD23070576000A8776 /* MainStoryLine.sks in Resources */,
				902180B32306319E000A8776 /* ChangeLevel.sks in Resources */,
				902180A92304F56D000A8776 /* ghost.wav in Resources */,
				90218084230261BA000A8776 /* Main.storyboard in Resources */,
				902180AB2304FFB9000A8776 /* Sounds in Resources */,
				902180CD23071C1D000A8776 /* Portal.sks in Resources */,
			);
			runOnlyForDeploymentPostprocessing = 0;
		};
/* End PBXResourcesBuildPhase section */

/* Begin PBXSourcesBuildPhase section */
		90218075230261BA000A8776 /* Sources */ = {
			isa = PBXSourcesBuildPhase;
			buildActionMask = 2147483647;
			files = (
				902180C3230713E5000A8776 /* Level3.swift in Sources */,
				902180AF230618B2000A8776 /* Level2.swift in Sources */,
				902180BB2306F9A5000A8776 /* Level2Story.swift in Sources */,
				90218081230261BA000A8776 /* ViewController.swift in Sources */,
				9021807D230261BA000A8776 /* AppDelegate.swift in Sources */,
				902180CF23071C45000A8776 /* Portal.swift in Sources */,
				902180BF23070596000A8776 /* MainStoryLine.swift in Sources */,
				902180A723032F47000A8776 /* GameScene.swift in Sources */,
				902180B5230631B2000A8776 /* ChangeLevel.swift in Sources */,
				902180C723071425000A8776 /* Level3Story.swift in Sources */,
				902180A123027382000A8776 /* Scene.swift in Sources */,
				902180CB230714B4000A8776 /* ChangeToLevel3.swift in Sources */,
			);
			runOnlyForDeploymentPostprocessing = 0;
		};
/* End PBXSourcesBuildPhase section */

/* Begin PBXVariantGroup section */
		90218082230261BA000A8776 /* Main.storyboard */ = {
			isa = PBXVariantGroup;
			children = (
				90218083230261BA000A8776 /* Base */,
			);
			name = Main.storyboard;
			sourceTree = "<group>";
		};
		90218087230261BC000A8776 /* LaunchScreen.storyboard */ = {
			isa = PBXVariantGroup;
			children = (
				90218088230261BC000A8776 /* Base */,
			);
			name = LaunchScreen.storyboard;
			sourceTree = "<group>";
		};
/* End PBXVariantGroup section */

/* Begin XCBuildConfiguration section */
		9021808B230261BC000A8776 /* Debug */ = {
			isa = XCBuildConfiguration;
			buildSettings = {
				ALWAYS_SEARCH_USER_PATHS = NO;
				CLANG_ANALYZER_NONNULL = YES;
				CLANG_ANALYZER_NUMBER_OBJECT_CONVERSION = YES_AGGRESSIVE;
				CLANG_CXX_LANGUAGE_STANDARD = "gnu++14";
				CLANG_CXX_LIBRARY = "libc++";
				CLANG_ENABLE_MODULES = YES;
				CLANG_ENABLE_OBJC_ARC = YES;
				CLANG_ENABLE_OBJC_WEAK = YES;
				CLANG_WARN_BLOCK_CAPTURE_AUTORELEASING = YES;
				CLANG_WARN_BOOL_CONVERSION = YES;
				CLANG_WARN_COMMA = YES;
				CLANG_WARN_CONSTANT_CONVERSION = YES;
				CLANG_WARN_DEPRECATED_OBJC_IMPLEMENTATIONS = YES;
				CLANG_WARN_DIRECT_OBJC_ISA_USAGE = YES_ERROR;
				CLANG_WARN_DOCUMENTATION_COMMENTS = YES;
				CLANG_WARN_EMPTY_BODY = YES;
				CLANG_WARN_ENUM_CONVERSION = YES;
				CLANG_WARN_INFINITE_RECURSION = YES;
				CLANG_WARN_INT_CONVERSION = YES;
				CLANG_WARN_NON_LITERAL_NULL_CONVERSION = YES;
				CLANG_WARN_OBJC_IMPLICIT_RETAIN_SELF = YES;
				CLANG_WARN_OBJC_LITERAL_CONVERSION = YES;
				CLANG_WARN_OBJC_ROOT_CLASS = YES_ERROR;
				CLANG_WARN_RANGE_LOOP_ANALYSIS = YES;
				CLANG_WARN_STRICT_PROTOTYPES = YES;
				CLANG_WARN_SUSPICIOUS_MOVE = YES;
				CLANG_WARN_UNGUARDED_AVAILABILITY = YES_AGGRESSIVE;
				CLANG_WARN_UNREACHABLE_CODE = YES;
				CLANG_WARN__DUPLICATE_METHOD_MATCH = YES;
				CODE_SIGN_IDENTITY = "iPhone Developer";
				COPY_PHASE_STRIP = NO;
				DEBUG_INFORMATION_FORMAT = dwarf;
				ENABLE_STRICT_OBJC_MSGSEND = YES;
				ENABLE_TESTABILITY = YES;
				GCC_C_LANGUAGE_STANDARD = gnu11;
				GCC_DYNAMIC_NO_PIC = NO;
				GCC_NO_COMMON_BLOCKS = YES;
				GCC_OPTIMIZATION_LEVEL = 0;
				GCC_PREPROCESSOR_DEFINITIONS = (
					"DEBUG=1",
					"$(inherited)",
				);
				GCC_WARN_64_TO_32_BIT_CONVERSION = YES;
				GCC_WARN_ABOUT_RETURN_TYPE = YES_ERROR;
				GCC_WARN_UNDECLARED_SELECTOR = YES;
				GCC_WARN_UNINITIALIZED_AUTOS = YES_AGGRESSIVE;
				GCC_WARN_UNUSED_FUNCTION = YES;
				GCC_WARN_UNUSED_VARIABLE = YES;
				IPHONEOS_DEPLOYMENT_TARGET = 12.4;
				MTL_ENABLE_DEBUG_INFO = INCLUDE_SOURCE;
				MTL_FAST_MATH = YES;
				ONLY_ACTIVE_ARCH = YES;
				SDKROOT = iphoneos;
				SWIFT_ACTIVE_COMPILATION_CONDITIONS = DEBUG;
				SWIFT_OPTIMIZATION_LEVEL = "-Onone";
			};
			name = Debug;
		};
		9021808C230261BC000A8776 /* Release */ = {
			isa = XCBuildConfiguration;
			buildSettings = {
				ALWAYS_SEARCH_USER_PATHS = NO;
				CLANG_ANALYZER_NONNULL = YES;
				CLANG_ANALYZER_NUMBER_OBJECT_CONVERSION = YES_AGGRESSIVE;
				CLANG_CXX_LANGUAGE_STANDARD = "gnu++14";
				CLANG_CXX_LIBRARY = "libc++";
				CLANG_ENABLE_MODULES = YES;
				CLANG_ENABLE_OBJC_ARC = YES;
				CLANG_ENABLE_OBJC_WEAK = YES;
				CLANG_WARN_BLOCK_CAPTURE_AUTORELEASING = YES;
				CLANG_WARN_BOOL_CONVERSION = YES;
				CLANG_WARN_COMMA = YES;
				CLANG_WARN_CONSTANT_CONVERSION = YES;
				CLANG_WARN_DEPRECATED_OBJC_IMPLEMENTATIONS = YES;
				CLANG_WARN_DIRECT_OBJC_ISA_USAGE = YES_ERROR;
				CLANG_WARN_DOCUMENTATION_COMMENTS = YES;
				CLANG_WARN_EMPTY_BODY = YES;
				CLANG_WARN_ENUM_CONVERSION = YES;
				CLANG_WARN_INFINITE_RECURSION = YES;
				CLANG_WARN_INT_CONVERSION = YES;
				CLANG_WARN_NON_LITERAL_NULL_CONVERSION = YES;
				CLANG_WARN_OBJC_IMPLICIT_RETAIN_SELF = YES;
				CLANG_WARN_OBJC_LITERAL_CONVERSION = YES;
				CLANG_WARN_OBJC_ROOT_CLASS = YES_ERROR;
				CLANG_WARN_RANGE_LOOP_ANALYSIS = YES;
				CLANG_WARN_STRICT_PROTOTYPES = YES;
				CLANG_WARN_SUSPICIOUS_MOVE = YES;
				CLANG_WARN_UNGUARDED_AVAILABILITY = YES_AGGRESSIVE;
				CLANG_WARN_UNREACHABLE_CODE = YES;
				CLANG_WARN__DUPLICATE_METHOD_MATCH = YES;
				CODE_SIGN_IDENTITY = "iPhone Developer";
				COPY_PHASE_STRIP = NO;
				DEBUG_INFORMATION_FORMAT = "dwarf-with-dsym";
				ENABLE_NS_ASSERTIONS = NO;
				ENABLE_STRICT_OBJC_MSGSEND = YES;
				GCC_C_LANGUAGE_STANDARD = gnu11;
				GCC_NO_COMMON_BLOCKS = YES;
				GCC_WARN_64_TO_32_BIT_CONVERSION = YES;
				GCC_WARN_ABOUT_RETURN_TYPE = YES_ERROR;
				GCC_WARN_UNDECLARED_SELECTOR = YES;
				GCC_WARN_UNINITIALIZED_AUTOS = YES_AGGRESSIVE;
				GCC_WARN_UNUSED_FUNCTION = YES;
				GCC_WARN_UNUSED_VARIABLE = YES;
				IPHONEOS_DEPLOYMENT_TARGET = 12.4;
				MTL_ENABLE_DEBUG_INFO = NO;
				MTL_FAST_MATH = YES;
				SDKROOT = iphoneos;
				SWIFT_COMPILATION_MODE = wholemodule;
				SWIFT_OPTIMIZATION_LEVEL = "-O";
				VALIDATE_PRODUCT = YES;
			};
			name = Release;
		};
		9021808E230261BC000A8776 /* Debug */ = {
			isa = XCBuildConfiguration;
			buildSettings = {
				ASSETCATALOG_COMPILER_APPICON_NAME = AppIcon;
				CODE_SIGN_STYLE = Automatic;
				DEVELOPMENT_TEAM = J3M2YK24PW;
				INFOPLIST_FILE = ARZombieTest/Info.plist;
				LD_RUNPATH_SEARCH_PATHS = (
					"$(inherited)",
					"@executable_path/Frameworks",
				);
				PRODUCT_BUNDLE_IDENTIFIER = dhyaneebhatt.ARZombieTest;
				PRODUCT_NAME = "$(TARGET_NAME)";
				SWIFT_VERSION = 5.0;
				TARGETED_DEVICE_FAMILY = "1,2";
			};
			name = Debug;
		};
		9021808F230261BC000A8776 /* Release */ = {
			isa = XCBuildConfiguration;
			buildSettings = {
				ASSETCATALOG_COMPILER_APPICON_NAME = AppIcon;
				CODE_SIGN_STYLE = Automatic;
				DEVELOPMENT_TEAM = J3M2YK24PW;
				INFOPLIST_FILE = ARZombieTest/Info.plist;
				LD_RUNPATH_SEARCH_PATHS = (
					"$(inherited)",
					"@executable_path/Frameworks",
				);
				PRODUCT_BUNDLE_IDENTIFIER = dhyaneebhatt.ARZombieTest;
				PRODUCT_NAME = "$(TARGET_NAME)";
				SWIFT_VERSION = 5.0;
				TARGETED_DEVICE_FAMILY = "1,2";
			};
			name = Release;
		};
/* End XCBuildConfiguration section */

/* Begin XCConfigurationList section */
		90218074230261BA000A8776 /* Build configuration list for PBXProject "ARZombieTest" */ = {
			isa = XCConfigurationList;
			buildConfigurations = (
				9021808B230261BC000A8776 /* Debug */,
				9021808C230261BC000A8776 /* Release */,
			);
			defaultConfigurationIsVisible = 0;
			defaultConfigurationName = Release;
		};
		9021808D230261BC000A8776 /* Build configuration list for PBXNativeTarget "ARZombieTest" */ = {
			isa = XCConfigurationList;
			buildConfigurations = (
				9021808E230261BC000A8776 /* Debug */,
				9021808F230261BC000A8776 /* Release */,
			);
			defaultConfigurationIsVisible = 0;
			defaultConfigurationName = Release;
		};
/* End XCConfigurationList section */
	};
	rootObject = 90218071230261BA000A8776 /* Project object */;
}
